
Microsoft Visual Studio Solution File, Format Version 12.00
# Visual Studio Version 17
VisualStudioVersion = 17.2.32616.157
MinimumVisualStudioVersion = 10.0.40219.1
Project("{9A19103F-16F7-4668-BE54-9A1E7A4F7556}") = "Sums of Perfect Squares", "Sums of Perfect Squares\Sums of Perfect Squares.csproj", "{8FB038F0-4438-4BF9-9A2B-99E389E9CED2}"
EndProject
Project("{9A19103F-16F7-4668-BE54-9A1E7A4F7556}") = "BalancedPatterns", "BalancedPatterns\BalancedPatterns.csproj", "{7337786A-A217-410C-99D9-1F0668F44378}"
EndProject
Project("{9A19103F-16F7-4668-BE54-9A1E7A4F7556}") = "parseInt() reloaded", "parseInt() reloaded\parseInt() reloaded.csproj", "{B26E88AA-75BF-43FE-B848-1EA9F990B28E}"
EndProject
Project("{9A19103F-16F7-4668-BE54-9A1E7A4F7556}") = "String-X-Iterations-String", "String-X-Iterations-String\String-X-Iterations-String.csproj", "{7435D225-17AC-4CA3-9CBE-9E10A84953D1}"
EndProject
Project("{9A19103F-16F7-4668-BE54-9A1E7A4F7556}") = "BasE91-encoding-and-decoding", "BasE91-encoding-and-decoding\BasE91-encoding-and-decoding.csproj", "{A5FCCA0F-06CC-46CC-BD92-429E5E9E971D}"
EndProject
Project("{FAE04EC0-301F-11D3-BF4B-00C04F79EFBC}") = "NextBiggerNumber", "NextBiggerNumber\NextBiggerNumber.csproj", "{765A8A54-DECE-4262-9B13-47DFF4D91AD5}"
EndProject
Project("{FAE04EC0-301F-11D3-BF4B-00C04F79EFBC}") = "RailFenceCipher", "RailFenceCipher\RailFenceCipher.csproj", "{258FEFB9-272F-4EC9-932E-605E2F31804B}"
EndProject
Global
	GlobalSection(SolutionConfigurationPlatforms) = preSolution
		Debug|Any CPU = Debug|Any CPU
		Release|Any CPU = Release|Any CPU
	EndGlobalSection
	GlobalSection(ProjectConfigurationPlatforms) = postSolution
		{8FB038F0-4438-4BF9-9A2B-99E389E9CED2}.Debug|Any CPU.ActiveCfg = Debug|Any CPU
		{8FB038F0-4438-4BF9-9A2B-99E389E9CED2}.Debug|Any CPU.Build.0 = Debug|Any CPU
		{8FB038F0-4438-4BF9-9A2B-99E389E9CED2}.Release|Any CPU.ActiveCfg = Release|Any CPU
		{8FB038F0-4438-4BF9-9A2B-99E389E9CED2}.Release|Any CPU.Build.0 = Release|Any CPU
		{7337786A-A217-410C-99D9-1F0668F44378}.Debug|Any CPU.ActiveCfg = Debug|Any CPU
		{7337786A-A217-410C-99D9-1F0668F44378}.Debug|Any CPU.Build.0 = Debug|Any CPU
		{7337786A-A217-410C-99D9-1F0668F44378}.Release|Any CPU.ActiveCfg = Release|Any CPU
		{7337786A-A217-410C-99D9-1F0668F44378}.Release|Any CPU.Build.0 = Release|Any CPU
		{B26E88AA-75BF-43FE-B848-1EA9F990B28E}.Debug|Any CPU.ActiveCfg = Debug|Any CPU
		{B26E88AA-75BF-43FE-B848-1EA9F990B28E}.Debug|Any CPU.Build.0 = Debug|Any CPU
		{B26E88AA-75BF-43FE-B848-1EA9F990B28E}.Release|Any CPU.ActiveCfg = Release|Any CPU
		{B26E88AA-75BF-43FE-B848-1EA9F990B28E}.Release|Any CPU.Build.0 = Release|Any CPU
		{7435D225-17AC-4CA3-9CBE-9E10A84953D1}.Debug|Any CPU.ActiveCfg = Debug|Any CPU
		{7435D225-17AC-4CA3-9CBE-9E10A84953D1}.Debug|Any CPU.Build.0 = Debug|Any CPU
		{7435D225-17AC-4CA3-9CBE-9E10A84953D1}.Release|Any CPU.ActiveCfg = Release|Any CPU
		{7435D225-17AC-4CA3-9CBE-9E10A84953D1}.Release|Any CPU.Build.0 = Release|Any CPU
		{A5FCCA0F-06CC-46CC-BD92-429E5E9E971D}.Debug|Any CPU.ActiveCfg = Debug|Any CPU
		{A5FCCA0F-06CC-46CC-BD92-429E5E9E971D}.Debug|Any CPU.Build.0 = Debug|Any CPU
		{A5FCCA0F-06CC-46CC-BD92-429E5E9E971D}.Release|Any CPU.ActiveCfg = Release|Any CPU
		{A5FCCA0F-06CC-46CC-BD92-429E5E9E971D}.Release|Any CPU.Build.0 = Release|Any CPU
		{765A8A54-DECE-4262-9B13-47DFF4D91AD5}.Debug|Any CPU.ActiveCfg = Debug|Any CPU
		{765A8A54-DECE-4262-9B13-47DFF4D91AD5}.Debug|Any CPU.Build.0 = Debug|Any CPU
		{765A8A54-DECE-4262-9B13-47DFF4D91AD5}.Release|Any CPU.ActiveCfg = Release|Any CPU
		{765A8A54-DECE-4262-9B13-47DFF4D91AD5}.Release|Any CPU.Build.0 = Release|Any CPU
		{258FEFB9-272F-4EC9-932E-605E2F31804B}.Debug|Any CPU.ActiveCfg = Debug|Any CPU
		{258FEFB9-272F-4EC9-932E-605E2F31804B}.Debug|Any CPU.Build.0 = Debug|Any CPU
		{258FEFB9-272F-4EC9-932E-605E2F31804B}.Release|Any CPU.ActiveCfg = Release|Any CPU
		{258FEFB9-272F-4EC9-932E-605E2F31804B}.Release|Any CPU.Build.0 = Release|Any CPU
	EndGlobalSection
	GlobalSection(SolutionProperties) = preSolution
		HideSolutionNode = FALSE
	EndGlobalSection
	GlobalSection(ExtensibilityGlobals) = postSolution
		SolutionGuid = {77F34D1C-AE1E-41EF-89A2-B7B6C56CAB0D}
	EndGlobalSection
EndGlobal
